
Microsoft Visual Studio Solution File, Format Version 12.00
# Visual Studio Version 17
VisualStudioVersion = 17.5.33516.290
MinimumVisualStudioVersion = 10.0.40219.1
Project("{FAE04EC0-301F-11D3-BF4B-00C04F79EFBC}") = "Project", "Project\Project.csproj", "{0D0B2BD1-6702-4E18-9776-B1C15114C8CA}"
EndProject
Global
	GlobalSection(SolutionConfigurationPlatforms) = preSolution
		Debug|Any CPU = Debug|Any CPU
		Release|Any CPU = Release|Any CPU
	EndGlobalSection
	GlobalSection(ProjectConfigurationPlatforms) = postSolution
		{0D0B2BD1-6702-4E18-9776-B1C15114C8CA}.Debug|Any CPU.ActiveCfg = Debug|Any CPU
		{0D0B2BD1-6702-4E18-9776-B1C15114C8CA}.Debug|Any CPU.Build.0 = Debug|Any CPU
		{0D0B2BD1-6702-4E18-9776-B1C15114C8CA}.Release|Any CPU.ActiveCfg = Release|Any CPU
		{0D0B2BD1-6702-4E18-9776-B1C15114C8CA}.Release|Any CPU.Build.0 = Release|Any CPU
	EndGlobalSection
	GlobalSection(SolutionProperties) = preSolution
		HideSolutionNode = FALSE
	EndGlobalSection
	GlobalSection(ExtensibilityGlobals) = postSolution
		SolutionGuid = {A20A6E9E-5BB3-4B3E-BC89-1C2B3A22257C}
	EndGlobalSection
EndGlobal
