
Microsoft Visual Studio Solution File, Format Version 12.00
# Visual Studio Version 16
VisualStudioVersion = 16.0.32002.261
MinimumVisualStudioVersion = 10.0.40219.1
Project("{FAE04EC0-301F-11D3-BF4B-00C04F79EFBC}") = "QuanLyKhachSan", "QuanLyKhachSan\QuanLyKhachSan.csproj", "{43A1926E-E91B-43DF-A568-DA2B2211CEA8}"
EndProject
Global
	GlobalSection(SolutionConfigurationPlatforms) = preSolution
		Debug|Any CPU = Debug|Any CPU
		Release|Any CPU = Release|Any CPU
	EndGlobalSection
	GlobalSection(ProjectConfigurationPlatforms) = postSolution
		{43A1926E-E91B-43DF-A568-DA2B2211CEA8}.Debug|Any CPU.ActiveCfg = Debug|Any CPU
		{43A1926E-E91B-43DF-A568-DA2B2211CEA8}.Debug|Any CPU.Build.0 = Debug|Any CPU
		{43A1926E-E91B-43DF-A568-DA2B2211CEA8}.Release|Any CPU.ActiveCfg = Release|Any CPU
		{43A1926E-E91B-43DF-A568-DA2B2211CEA8}.Release|Any CPU.Build.0 = Release|Any CPU
	EndGlobalSection
	GlobalSection(SolutionProperties) = preSolution
		HideSolutionNode = FALSE
	EndGlobalSection
	GlobalSection(ExtensibilityGlobals) = postSolution
		SolutionGuid = {92F8B36B-4254-47B2-A077-D3D82D367A7C}
	EndGlobalSection
EndGlobal
